# THIS IS AN AUTOGENERATED FILE. DO NOT EDIT THIS FILE DIRECTLY.
# yarn lockfile v1


angular-bootstrap@^0.12.2:
  version "0.12.2"
  resolved "https://registry.yarnpkg.com/angular-bootstrap/-/angular-bootstrap-0.12.2.tgz#de9900a7db087a7e9da47304a9c2f77f9c069827"

angular-sanitize@^1.6.6:
  version "1.6.6"
  resolved "https://registry.yarnpkg.com/angular-sanitize/-/angular-sanitize-1.6.6.tgz#0fd065a19931517fbece66596d325d72b6e06041"

angular@^1.6.6:
  version "1.6.6"
  resolved "https://registry.yarnpkg.com/angular/-/angular-1.6.6.tgz#fd5a3cfb437ce382d854ee01120797978527cb64"

bootbox@^4.4.0:
  version "4.4.0"
  resolved "https://registry.yarnpkg.com/bootbox/-/bootbox-4.4.0.tgz#ff7f898fb87d4527e547feb64158f88450d1a0c9"

bootstrap@^3.3.7:
  version "3.3.7"
  resolved "https://registry.yarnpkg.com/bootstrap/-/bootstrap-3.3.7.tgz#5a389394549f23330875a3b150656574f8a9eb71"

jquery@^3.2.1:
  version "3.2.1"
  resolved "https://registry.yarnpkg.com/jquery/-/jquery-3.2.1.tgz#5c4d9de652af6cd0a770154a631bba12b015c787"

jqueryui@^1.11.1:
  version "1.11.1"
  resolved "https://registry.yarnpkg.com/jqueryui/-/jqueryui-1.11.1.tgz#8718550705f5568d1199196169094db73b2291bc"
